// !$*UTF8*$!
{
	archiveVersion = 1;
	classes = {
	};
	objectVersion = 46;
	objects = {

/* Begin PBXBuildFile section */
		66ACB0A81F76B4AD002A8037 /* AppDelegate.swift in Sources */ = {isa = PBXBuildFile; fileRef = 66ACB0A71F76B4AD002A8037 /* AppDelegate.swift */; };
		66ACB0AF1F76B4AD002A8037 /* Assets.xcassets in Resources */ = {isa = PBXBuildFile; fileRef = 66ACB0AE1F76B4AD002A8037 /* Assets.xcassets */; };
		66ACB0B21F76B4AD002A8037 /* LaunchScreen.storyboard in Resources */ = {isa = PBXBuildFile; fileRef = 66ACB0B01F76B4AD002A8037 /* LaunchScreen.storyboard */; };
		66ACB0BA1F76B548002A8037 /* AddTodoViewController.swift in Sources */ = {isa = PBXBuildFile; fileRef = 66ACB0B91F76B548002A8037 /* AddTodoViewController.swift */; };
		66ACB0BC1F76B559002A8037 /* Todo.swift in Sources */ = {isa = PBXBuildFile; fileRef = 66ACB0BB1F76B559002A8037 /* Todo.swift */; };
		66ACB0BE1F76B562002A8037 /* TodoListTableViewController.swift in Sources */ = {isa = PBXBuildFile; fileRef = 66ACB0BD1F76B562002A8037 /* TodoListTableViewController.swift */; };
		66ACB0C11F76B57D002A8037 /* Main.storyboard in Resources */ = {isa = PBXBuildFile; fileRef = 66ACB0C01F76B57D002A8037 /* Main.storyboard */; };
		E2DE1CA825D6B88D4DE2C136 /* Pods_TODO_App.framework in Frameworks */ = {isa = PBXBuildFile; fileRef = FF1652CC2A7529B91086AD4B /* Pods_TODO_App.framework */; };
/* End PBXBuildFile section */

/* Begin PBXFileReference section */
		66ACB0A41F76B4AD002A8037 /* TODO App.app */ = {isa = PBXFileReference; explicitFileType = wrapper.application; includeInIndex = 0; path = "TODO App.app"; sourceTree = BUILT_PRODUCTS_DIR; };
		66ACB0A71F76B4AD002A8037 /* AppDelegate.swift */ = {isa = PBXFileReference; lastKnownFileType = sourcecode.swift; path = AppDelegate.swift; sourceTree = "<group>"; };
		66ACB0AE1F76B4AD002A8037 /* Assets.xcassets */ = {isa = PBXFileReference; lastKnownFileType = folder.assetcatalog; path = Assets.xcassets; sourceTree = "<group>"; };
		66ACB0B11F76B4AD002A8037 /* Base */ = {isa = PBXFileReference; lastKnownFileType = file.storyboard; name = Base; path = Base.lproj/LaunchScreen.storyboard; sourceTree = "<group>"; };
		66ACB0B31F76B4AD002A8037 /* Info.plist */ = {isa = PBXFileReference; lastKnownFileType = text.plist.xml; path = Info.plist; sourceTree = "<group>"; };
		66ACB0B91F76B548002A8037 /* AddTodoViewController.swift */ = {isa = PBXFileReference; fileEncoding = 4; lastKnownFileType = sourcecode.swift; path = AddTodoViewController.swift; sourceTree = "<group>"; };
		66ACB0BB1F76B559002A8037 /* Todo.swift */ = {isa = PBXFileReference; fileEncoding = 4; lastKnownFileType = sourcecode.swift; path = Todo.swift; sourceTree = "<group>"; };
		66ACB0BD1F76B562002A8037 /* TodoListTableViewController.swift */ = {isa = PBXFileReference; fileEncoding = 4; lastKnownFileType = sourcecode.swift; path = TodoListTableViewController.swift; sourceTree = "<group>"; };
		66ACB0BF1F76B57D002A8037 /* Base */ = {isa = PBXFileReference; lastKnownFileType = file.storyboard; name = Base; path = Base.lproj/Main.storyboard; sourceTree = "<group>"; };
		7B2010F2F5317B8CB007A03E /* Pods-TODO App.debug.xcconfig */ = {isa = PBXFileReference; includeInIndex = 1; lastKnownFileType = text.xcconfig; name = "Pods-TODO App.debug.xcconfig"; path = "Pods/Target Support Files/Pods-TODO App/Pods-TODO App.debug.xcconfig"; sourceTree = "<group>"; };
		B7AA5F56D5C4C361C77FB2C9 /* Pods-TODO App.release.xcconfig */ = {isa = PBXFileReference; includeInIndex = 1; lastKnownFileType = text.xcconfig; name = "Pods-TODO App.release.xcconfig"; path = "Pods/Target Support Files/Pods-TODO App/Pods-TODO App.release.xcconfig"; sourceTree = "<group>"; };
		FF1652CC2A7529B91086AD4B /* Pods_TODO_App.framework */ = {isa = PBXFileReference; explicitFileType = wrapper.framework; includeInIndex = 0; path = Pods_TODO_App.framework; sourceTree = BUILT_PRODUCTS_DIR; };
/* End PBXFileReference section */

/* Begin PBXFrameworksBuildPhase section */
		66ACB0A11F76B4AD002A8037 /* Frameworks */ = {
			isa = PBXFrameworksBuildPhase;
			buildActionMask = 2147483647;
			files = (
				E2DE1CA825D6B88D4DE2C136 /* Pods_TODO_App.framework in Frameworks */,
			);
			runOnlyForDeploymentPostprocessing = 0;
		};
/* End PBXFrameworksBuildPhase section */

/* Begin PBXGroup section */
		0BF1F1EA7C9571675A4F9E20 /* Frameworks */ = {
			isa = PBXGroup;
			children = (
				FF1652CC2A7529B91086AD4B /* Pods_TODO_App.framework */,
			);
			name = Frameworks;
			sourceTree = "<group>";
		};
		66ACB09B1F76B4AD002A8037 = {
			isa = PBXGroup;
			children = (
				66ACB0A61F76B4AD002A8037 /* TODO App */,
				66ACB0A51F76B4AD002A8037 /* Products */,
				828741646753B41279F5E988 /* Pods */,
				0BF1F1EA7C9571675A4F9E20 /* Frameworks */,
			);
			sourceTree = "<group>";
		};
		66ACB0A51F76B4AD002A8037 /* Products */ = {
			isa = PBXGroup;
			children = (
				66ACB0A41F76B4AD002A8037 /* TODO App.app */,
			);
			name = Products;
			sourceTree = "<group>";
		};
		66ACB0A61F76B4AD002A8037 /* TODO App */ = {
			isa = PBXGroup;
			children = (
				66ACB0A71F76B4AD002A8037 /* AppDelegate.swift */,
				66ACB0B91F76B548002A8037 /* AddTodoViewController.swift */,
				66ACB0BB1F76B559002A8037 /* Todo.swift */,
				66ACB0BD1F76B562002A8037 /* TodoListTableViewController.swift */,
				66ACB0C01F76B57D002A8037 /* Main.storyboard */,
				66ACB0AE1F76B4AD002A8037 /* Assets.xcassets */,
				66ACB0B01F76B4AD002A8037 /* LaunchScreen.storyboard */,
				66ACB0B31F76B4AD002A8037 /* Info.plist */,
			);
			path = "TODO App";
			sourceTree = "<group>";
		};
		828741646753B41279F5E988 /* Pods */ = {
			isa = PBXGroup;
			children = (
				7B2010F2F5317B8CB007A03E /* Pods-TODO App.debug.xcconfig */,
				B7AA5F56D5C4C361C77FB2C9 /* Pods-TODO App.release.xcconfig */,
			);
			name = Pods;
			sourceTree = "<group>";
		};
/* End PBXGroup section */

/* Begin PBXNativeTarget section */
		66ACB0A31F76B4AD002A8037 /* TODO App */ = {
			isa = PBXNativeTarget;
			buildConfigurationList = 66ACB0B61F76B4AD002A8037 /* Build configuration list for PBXNativeTarget "TODO App" */;
			buildPhases = (
				F23B9F250368CA5841C30310 /* [CP] Check Pods Manifest.lock */,
				66ACB0A01F76B4AD002A8037 /* Sources */,
				66ACB0A11F76B4AD002A8037 /* Frameworks */,
				66ACB0A21F76B4AD002A8037 /* Resources */,
				082BFC282C2F2730748E6F2D /* [CP] Embed Pods Frameworks */,
				E783695EA9C43FE07D8E3D5F /* [CP] Copy Pods Resources */,
			);
			buildRules = (
			);
			dependencies = (
			);
			name = "TODO App";
			productName = "TODO App";
			productReference = 66ACB0A41F76B4AD002A8037 /* TODO App.app */;
			productType = "com.apple.product-type.application";
		};
/* End PBXNativeTarget section */

/* Begin PBXProject section */
		66ACB09C1F76B4AD002A8037 /* Project object */ = {
			isa = PBXProject;
			attributes = {
				LastSwiftUpdateCheck = 0830;
				LastUpgradeCheck = 0830;
				ORGANIZATIONNAME = "Rajat Gupta";
				TargetAttributes = {
					66ACB0A31F76B4AD002A8037 = {
						CreatedOnToolsVersion = 8.3.2;
						DevelopmentTeam = BT5NB34EJ5;
						ProvisioningStyle = Automatic;
					};
				};
			};
			buildConfigurationList = 66ACB09F1F76B4AD002A8037 /* Build configuration list for PBXProject "TODO App" */;
			compatibilityVersion = "Xcode 3.2";
			developmentRegion = English;
			hasScannedForEncodings = 0;
			knownRegions = (
				en,
				Base,
			);
			mainGroup = 66ACB09B1F76B4AD002A8037;
			productRefGroup = 66ACB0A51F76B4AD002A8037 /* Products */;
			projectDirPath = "";
			projectRoot = "";
			targets = (
				66ACB0A31F76B4AD002A8037 /* TODO App */,
			);
		};
/* End PBXProject section */

/* Begin PBXResourcesBuildPhase section */
		66ACB0A21F76B4AD002A8037 /* Resources */ = {
			isa = PBXResourcesBuildPhase;
			buildActionMask = 2147483647;
			files = (
				66ACB0C11F76B57D002A8037 /* Main.storyboard in Resources */,
				66ACB0B21F76B4AD002A8037 /* LaunchScreen.storyboard in Resources */,
				66ACB0AF1F76B4AD002A8037 /* Assets.xcassets in Resources */,
			);
			runOnlyForDeploymentPostprocessing = 0;
		};
/* End PBXResourcesBuildPhase section */

/* Begin PBXShellScriptBuildPhase section */
		082BFC282C2F2730748E6F2D /* [CP] Embed Pods Frameworks */ = {
			isa = PBXShellScriptBuildPhase;
			buildActionMask = 2147483647;
			files = (
			);
			inputPaths = (
			);
			name = "[CP] Embed Pods Frameworks";
			outputPaths = (
			);
			runOnlyForDeploymentPostprocessing = 0;
			shellPath = /bin/sh;
			shellScript = "\"${SRCROOT}/Pods/Target Support Files/Pods-TODO App/Pods-TODO App-frameworks.sh\"\n";
			showEnvVarsInLog = 0;
		};
		E783695EA9C43FE07D8E3D5F /* [CP] Copy Pods Resources */ = {
			isa = PBXShellScriptBuildPhase;
			buildActionMask = 2147483647;
			files = (
			);
			inputPaths = (
			);
			name = "[CP] Copy Pods Resources";
			outputPaths = (
			);
			runOnlyForDeploymentPostprocessing = 0;
			shellPath = /bin/sh;
			shellScript = "\"${SRCROOT}/Pods/Target Support Files/Pods-TODO App/Pods-TODO App-resources.sh\"\n";
			showEnvVarsInLog = 0;
		};
		F23B9F250368CA5841C30310 /* [CP] Check Pods Manifest.lock */ = {
			isa = PBXShellScriptBuildPhase;
			buildActionMask = 2147483647;
			files = (
			);
			inputPaths = (
			);
			name = "[CP] Check Pods Manifest.lock";
			outputPaths = (
			);
			runOnlyForDeploymentPostprocessing = 0;
			shellPath = /bin/sh;
			shellScript = "diff \"${PODS_ROOT}/../Podfile.lock\" \"${PODS_ROOT}/Manifest.lock\" > /dev/null\nif [ $? != 0 ] ; then\n    # print error to STDERR\n    echo \"error: The sandbox is not in sync with the Podfile.lock. Run 'pod install' or update your CocoaPods installation.\" >&2\n    exit 1\nfi\n";
			showEnvVarsInLog = 0;
		};
/* End PBXShellScriptBuildPhase section */

/* Begin PBXSourcesBuildPhase section */
		66ACB0A01F76B4AD002A8037 /* Sources */ = {
			isa = PBXSourcesBuildPhase;
			buildActionMask = 2147483647;
			files = (
				66ACB0BA1F76B548002A8037 /* AddTodoViewController.swift in Sources */,
				66ACB0BE1F76B562002A8037 /* TodoListTableViewController.swift in Sources */,
				66ACB0A81F76B4AD002A8037 /* AppDelegate.swift in Sources */,
				66ACB0BC1F76B559002A8037 /* Todo.swift in Sources */,
			);
			runOnlyForDeploymentPostprocessing = 0;
		};
/* End PBXSourcesBuildPhase section */

/* Begin PBXVariantGroup section */
		66ACB0B01F76B4AD002A8037 /* LaunchScreen.storyboard */ = {
			isa = PBXVariantGroup;
			children = (
				66ACB0B11F76B4AD002A8037 /* Base */,
			);
			name = LaunchScreen.storyboard;
			sourceTree = "<group>";
		};
		66ACB0C01F76B57D002A8037 /* Main.storyboard */ = {
			isa = PBXVariantGroup;
			children = (
				66ACB0BF1F76B57D002A8037 /* Base */,
			);
			name = Main.storyboard;
			path = "../../../iosTodoApp-master/iosTodoApp";
			sourceTree = "<group>";
		};
/* End PBXVariantGroup section */

/* Begin XCBuildConfiguration section */
		66ACB0B41F76B4AD002A8037 /* Debug */ = {
			isa = XCBuildConfiguration;
			buildSettings = {
				ALWAYS_SEARCH_USER_PATHS = NO;
				CLANG_ANALYZER_NONNULL = YES;
				CLANG_ANALYZER_NUMBER_OBJECT_CONVERSION = YES_AGGRESSIVE;
				CLANG_CXX_LANGUAGE_STANDARD = "gnu++0x";
				CLANG_CXX_LIBRARY = "libc++";
				CLANG_ENABLE_MODULES = YES;
				CLANG_ENABLE_OBJC_ARC = YES;
				CLANG_WARN_BOOL_CONVERSION = YES;
				CLANG_WARN_CONSTANT_CONVERSION = YES;
				CLANG_WARN_DIRECT_OBJC_ISA_USAGE = YES_ERROR;
				CLANG_WARN_DOCUMENTATION_COMMENTS = YES;
				CLANG_WARN_EMPTY_BODY = YES;
				CLANG_WARN_ENUM_CONVERSION = YES;
				CLANG_WARN_INFINITE_RECURSION = YES;
				CLANG_WARN_INT_CONVERSION = YES;
				CLANG_WARN_OBJC_ROOT_CLASS = YES_ERROR;
				CLANG_WARN_SUSPICIOUS_MOVE = YES;
				CLANG_WARN_UNREACHABLE_CODE = YES;
				CLANG_WARN__DUPLICATE_METHOD_MATCH = YES;
				"CODE_SIGN_IDENTITY[sdk=iphoneos*]" = "iPhone Developer";
				COPY_PHASE_STRIP = NO;
				DEBUG_INFORMATION_FORMAT = dwarf;
				ENABLE_STRICT_OBJC_MSGSEND = YES;
				ENABLE_TESTABILITY = YES;
				GCC_C_LANGUAGE_STANDARD = gnu99;
				GCC_DYNAMIC_NO_PIC = NO;
				GCC_NO_COMMON_BLOCKS = YES;
				GCC_OPTIMIZATION_LEVEL = 0;
				GCC_PREPROCESSOR_DEFINITIONS = (
					"DEBUG=1",
					"$(inherited)",
				);
				GCC_WARN_64_TO_32_BIT_CONVERSION = YES;
				GCC_WARN_ABOUT_RETURN_TYPE = YES_ERROR;
				GCC_WARN_UNDECLARED_SELECTOR = YES;
				GCC_WARN_UNINITIALIZED_AUTOS = YES_AGGRESSIVE;
				GCC_WARN_UNUSED_FUNCTION = YES;
				GCC_WARN_UNUSED_VARIABLE = YES;
				IPHONEOS_DEPLOYMENT_TARGET = 10.3;
				MTL_ENABLE_DEBUG_INFO = YES;
				ONLY_ACTIVE_ARCH = YES;
				SDKROOT = iphoneos;
				SWIFT_ACTIVE_COMPILATION_CONDITIONS = DEBUG;
				SWIFT_OPTIMIZATION_LEVEL = "-Onone";
			};
			name = Debug;
		};
		66ACB0B51F76B4AD002A8037 /* Release */ = {
			isa = XCBuildConfiguration;
			buildSettings = {
				ALWAYS_SEARCH_USER_PATHS = NO;
				CLANG_ANALYZER_NONNULL = YES;
				CLANG_ANALYZER_NUMBER_OBJECT_CONVERSION = YES_AGGRESSIVE;
				CLANG_CXX_LANGUAGE_STANDARD = "gnu++0x";
				CLANG_CXX_LIBRARY = "libc++";
				CLANG_ENABLE_MODULES = YES;
				CLANG_ENABLE_OBJC_ARC = YES;
				CLANG_WARN_BOOL_CONVERSION = YES;
				CLANG_WARN_CONSTANT_CONVERSION = YES;
				CLANG_WARN_DIRECT_OBJC_ISA_USAGE = YES_ERROR;
				CLANG_WARN_DOCUMENTATION_COMMENTS = YES;
				CLANG_WARN_EMPTY_BODY = YES;
				CLANG_WARN_ENUM_CONVERSION = YES;
				CLANG_WARN_INFINITE_RECURSION = YES;
				CLANG_WARN_INT_CONVERSION = YES;
				CLANG_WARN_OBJC_ROOT_CLASS = YES_ERROR;
				CLANG_WARN_SUSPICIOUS_MOVE = YES;
				CLANG_WARN_UNREACHABLE_CODE = YES;
				CLANG_WARN__DUPLICATE_METHOD_MATCH = YES;
				"CODE_SIGN_IDENTITY[sdk=iphoneos*]" = "iPhone Developer";
				COPY_PHASE_STRIP = NO;
				DEBUG_INFORMATION_FORMAT = "dwarf-with-dsym";
				ENABLE_NS_ASSERTIONS = NO;
				ENABLE_STRICT_OBJC_MSGSEND = YES;
				GCC_C_LANGUAGE_STANDARD = gnu99;
				GCC_NO_COMMON_BLOCKS = YES;
				GCC_WARN_64_TO_32_BIT_CONVERSION = YES;
				GCC_WARN_ABOUT_RETURN_TYPE = YES_ERROR;
				GCC_WARN_UNDECLARED_SELECTOR = YES;
				GCC_WARN_UNINITIALIZED_AUTOS = YES_AGGRESSIVE;
				GCC_WARN_UNUSED_FUNCTION = YES;
				GCC_WARN_UNUSED_VARIABLE = YES;
				IPHONEOS_DEPLOYMENT_TARGET = 10.3;
				MTL_ENABLE_DEBUG_INFO = NO;
				SDKROOT = iphoneos;
				SWIFT_OPTIMIZATION_LEVEL = "-Owholemodule";
				VALIDATE_PRODUCT = YES;
			};
			name = Release;
		};
		66ACB0B71F76B4AD002A8037 /* Debug */ = {
			isa = XCBuildConfiguration;
			baseConfigurationReference = 7B2010F2F5317B8CB007A03E /* Pods-TODO App.debug.xcconfig */;
			buildSettings = {
				ASSETCATALOG_COMPILER_APPICON_NAME = AppIcon;
				DEVELOPMENT_TEAM = BT5NB34EJ5;
				INFOPLIST_FILE = "TODO App/Info.plist";
				LD_RUNPATH_SEARCH_PATHS = "$(inherited) @executable_path/Frameworks";
				PRODUCT_BUNDLE_IDENTIFIER = "Rajat.TODO-App";
				PRODUCT_NAME = "$(TARGET_NAME)";
				SWIFT_VERSION = 3.0;
			};
			name = Debug;
		};
		66ACB0B81F76B4AD002A8037 /* Release */ = {
			isa = XCBuildConfiguration;
			baseConfigurationReference = B7AA5F56D5C4C361C77FB2C9 /* Pods-TODO App.release.xcconfig */;
			buildSettings = {
				ASSETCATALOG_COMPILER_APPICON_NAME = AppIcon;
				DEVELOPMENT_TEAM = BT5NB34EJ5;
				INFOPLIST_FILE = "TODO App/Info.plist";
				LD_RUNPATH_SEARCH_PATHS = "$(inherited) @executable_path/Frameworks";
				PRODUCT_BUNDLE_IDENTIFIER = "Rajat.TODO-App";
				PRODUCT_NAME = "$(TARGET_NAME)";
				SWIFT_VERSION = 3.0;
			};
			name = Release;
		};
/* End XCBuildConfiguration section */

/* Begin XCConfigurationList section */
		66ACB09F1F76B4AD002A8037 /* Build configuration list for PBXProject "TODO App" */ = {
			isa = XCConfigurationList;
			buildConfigurations = (
				66ACB0B41F76B4AD002A8037 /* Debug */,
				66ACB0B51F76B4AD002A8037 /* Release */,
			);
			defaultConfigurationIsVisible = 0;
			defaultConfigurationName = Release;
		};
		66ACB0B61F76B4AD002A8037 /* Build configuration list for PBXNativeTarget "TODO App" */ = {
			isa = XCConfigurationList;
			buildConfigurations = (
				66ACB0B71F76B4AD002A8037 /* Debug */,
				66ACB0B81F76B4AD002A8037 /* Release */,
			);
			defaultConfigurationIsVisible = 0;
			defaultConfigurationName = Release;
		};
/* End XCConfigurationList section */
	};
	rootObject = 66ACB09C1F76B4AD002A8037 /* Project object */;
}
